appId: com.nospam.nospam
tags:
  - persistence
  - manual-only
---
# Part 1 of the block/unblock persistence regression check (commit 7256993).
# Not meant to run standalone in `maestro test .maestro/` — driven by
# tools/persistence_check.sh, which needs an `adb emu sms send` between this
# and part 2 (Maestro cannot shell out to the emulator console itself).
# Precondition: `adb emu sms send NSTEST_UNBLOCK1 <text>` has already delivered
# one message, so the conversation exists in the inbox to long-press.
- launchApp:
    clearState: false
    permissions:
      all: allow
- assertVisible: "Inbox"
- longPressOn: "NSTEST_UNBLOCK1"
- tapOn: "More options"
- assertVisible: "Block"
- tapOn: "Block"
# Blocking is confirmed, because it reaches the system blocked-numbers list.
- assertVisible: "Block 1 sender?"
- tapOn: "Block"
- assertNotVisible: "NSTEST_UNBLOCK1"
